
Microsoft Visual Studio Solution File, Format Version 12.00
Project("{FAE04EC0-301F-11D3-BF4B-00C04F79EFBC}") = "CineMarco.EventSourcing.Csharp9", "CineMarco.EventSourcing.Csharp9\CineMarco.EventSourcing.Csharp9.csproj", "{60E9D842-3365-4AAC-B352-34BF64FA6AE9}"
EndProject
Project("{F2A71F9B-5D33-465A-A702-920D77279786}") = "CineMarco.EventSourcing.Fsharp5", "CineMarco.EventSourcing.Fsharp5\CineMarco.EventSourcing.Fsharp5.fsproj", "{2A5F18BF-A70E-440D-9168-AB3E4D79F6AD}"
EndProject
Global
	GlobalSection(SolutionConfigurationPlatforms) = preSolution
		Debug|Any CPU = Debug|Any CPU
		Release|Any CPU = Release|Any CPU
	EndGlobalSection
	GlobalSection(ProjectConfigurationPlatforms) = postSolution
		{60E9D842-3365-4AAC-B352-34BF64FA6AE9}.Debug|Any CPU.ActiveCfg = Debug|Any CPU
		{60E9D842-3365-4AAC-B352-34BF64FA6AE9}.Debug|Any CPU.Build.0 = Debug|Any CPU
		{60E9D842-3365-4AAC-B352-34BF64FA6AE9}.Release|Any CPU.ActiveCfg = Release|Any CPU
		{60E9D842-3365-4AAC-B352-34BF64FA6AE9}.Release|Any CPU.Build.0 = Release|Any CPU
		{2A5F18BF-A70E-440D-9168-AB3E4D79F6AD}.Debug|Any CPU.ActiveCfg = Debug|Any CPU
		{2A5F18BF-A70E-440D-9168-AB3E4D79F6AD}.Debug|Any CPU.Build.0 = Debug|Any CPU
		{2A5F18BF-A70E-440D-9168-AB3E4D79F6AD}.Release|Any CPU.ActiveCfg = Release|Any CPU
		{2A5F18BF-A70E-440D-9168-AB3E4D79F6AD}.Release|Any CPU.Build.0 = Release|Any CPU
	EndGlobalSection
EndGlobal
